# This file is automatically @generated by Cargo.
# It is not intended for manual editing.
version = 4

[[package]]
name = "math_helpers"
version = "0.1.0"

[[package]]
name = "matlab_base_wrapper"
version = "0.1.0"

[[package]]
name = "matlab_blas_wrapper"
version = "0.1.0"

[[package]]
name = "matlab_lapack_wrapper"
version = "0.1.0"

[[package]]
name = "rpade"
version = "0.1.0"
dependencies = [
 "math_helpers",
 "matlab_base_wrapper",
 "matlab_blas_wrapper",
 "matlab_lapack_wrapper",
]

[[package]]
name = "rpade_triangular"
version = "0.1.0"
dependencies = [
 "math_helpers",
 "matlab_base_wrapper",
 "matlab_blas_wrapper",
]
